// !$*UTF8*$!
{
	archiveVersion = 1;
	classes = {
	};
	objectVersion = 46;
	objects = {

/* Begin PBXBuildFile section */
		0BB58BE8305F0F86DB539231 /* Pods_Pokedex2.framework in Frameworks */ = {isa = PBXBuildFile; fileRef = 8FD9357BBBE91BF1A2DDD3BE /* Pods_Pokedex2.framework */; };
		C6177B771EF1E3F8009A8D02 /* AppDelegate.swift in Sources */ = {isa = PBXBuildFile; fileRef = C6177B761EF1E3F8009A8D02 /* AppDelegate.swift */; };
		C6177B791EF1E3F8009A8D02 /* ViewController.swift in Sources */ = {isa = PBXBuildFile; fileRef = C6177B781EF1E3F8009A8D02 /* ViewController.swift */; };
		C6177B7C1EF1E3F8009A8D02 /* Main.storyboard in Resources */ = {isa = PBXBuildFile; fileRef = C6177B7A1EF1E3F8009A8D02 /* Main.storyboard */; };
		C6177B7E1EF1E3F8009A8D02 /* Assets.xcassets in Resources */ = {isa = PBXBuildFile; fileRef = C6177B7D1EF1E3F8009A8D02 /* Assets.xcassets */; };
		C6177B811EF1E3F8009A8D02 /* LaunchScreen.storyboard in Resources */ = {isa = PBXBuildFile; fileRef = C6177B7F1EF1E3F8009A8D02 /* LaunchScreen.storyboard */; };
		C6177B891EF1E74C009A8D02 /* pokemon.csv in Resources */ = {isa = PBXBuildFile; fileRef = C6177B881EF1E74C009A8D02 /* pokemon.csv */; };
		C61CAB961EF1EF1D00C70B51 /* Pokemon.swift in Sources */ = {isa = PBXBuildFile; fileRef = C61CAB951EF1EF1D00C70B51 /* Pokemon.swift */; };
		C61F22041EF47E62006B7A69 /* music.mp3 in Resources */ = {isa = PBXBuildFile; fileRef = C61F22031EF47E62006B7A69 /* music.mp3 */; };
		C61F22061EF498C9006B7A69 /* PokemonDetailVC.swift in Sources */ = {isa = PBXBuildFile; fileRef = C61F22051EF498C9006B7A69 /* PokemonDetailVC.swift */; };
		C62272E91EF31DEF00AFD7FA /* PokeCell.swift in Sources */ = {isa = PBXBuildFile; fileRef = C62272E81EF31DEF00AFD7FA /* PokeCell.swift */; };
		C62272EB1EF32E0300AFD7FA /* csv.swift in Sources */ = {isa = PBXBuildFile; fileRef = C62272EA1EF32E0300AFD7FA /* csv.swift */; };
		C62272ED1EF3323C00AFD7FA /* pokemon.ttf in Resources */ = {isa = PBXBuildFile; fileRef = C62272EC1EF3323C00AFD7FA /* pokemon.ttf */; };
		C62272F21EF3348B00AFD7FA /* music.png in Resources */ = {isa = PBXBuildFile; fileRef = C62272F11EF3348B00AFD7FA /* music.png */; };
/* End PBXBuildFile section */

/* Begin PBXFileReference section */
		1308909569A06EC6CA11EB3E /* Pods-Pokedex2.debug.xcconfig */ = {isa = PBXFileReference; includeInIndex = 1; lastKnownFileType = text.xcconfig; name = "Pods-Pokedex2.debug.xcconfig"; path = "Pods/Target Support Files/Pods-Pokedex2/Pods-Pokedex2.debug.xcconfig"; sourceTree = "<group>"; };
		8FD9357BBBE91BF1A2DDD3BE /* Pods_Pokedex2.framework */ = {isa = PBXFileReference; explicitFileType = wrapper.framework; includeInIndex = 0; path = Pods_Pokedex2.framework; sourceTree = BUILT_PRODUCTS_DIR; };
		95626E22959238E8B96BEBDD /* Pods-Pokedex2.release.xcconfig */ = {isa = PBXFileReference; includeInIndex = 1; lastKnownFileType = text.xcconfig; name = "Pods-Pokedex2.release.xcconfig"; path = "Pods/Target Support Files/Pods-Pokedex2/Pods-Pokedex2.release.xcconfig"; sourceTree = "<group>"; };
		C6177B731EF1E3F8009A8D02 /* Pokedex2.app */ = {isa = PBXFileReference; explicitFileType = wrapper.application; includeInIndex = 0; path = Pokedex2.app; sourceTree = BUILT_PRODUCTS_DIR; };
		C6177B761EF1E3F8009A8D02 /* AppDelegate.swift */ = {isa = PBXFileReference; lastKnownFileType = sourcecode.swift; path = AppDelegate.swift; sourceTree = "<group>"; };
		C6177B781EF1E3F8009A8D02 /* ViewController.swift */ = {isa = PBXFileReference; lastKnownFileType = sourcecode.swift; path = ViewController.swift; sourceTree = "<group>"; };
		C6177B7B1EF1E3F8009A8D02 /* Base */ = {isa = PBXFileReference; lastKnownFileType = file.storyboard; name = Base; path = Base.lproj/Main.storyboard; sourceTree = "<group>"; };
		C6177B7D1EF1E3F8009A8D02 /* Assets.xcassets */ = {isa = PBXFileReference; lastKnownFileType = folder.assetcatalog; path = Assets.xcassets; sourceTree = "<group>"; };
		C6177B801EF1E3F8009A8D02 /* Base */ = {isa = PBXFileReference; lastKnownFileType = file.storyboard; name = Base; path = Base.lproj/LaunchScreen.storyboard; sourceTree = "<group>"; };
		C6177B821EF1E3F8009A8D02 /* Info.plist */ = {isa = PBXFileReference; lastKnownFileType = text.plist.xml; path = Info.plist; sourceTree = "<group>"; };
		C6177B881EF1E74C009A8D02 /* pokemon.csv */ = {isa = PBXFileReference; fileEncoding = 4; lastKnownFileType = text; path = pokemon.csv; sourceTree = "<group>"; };
		C61CAB951EF1EF1D00C70B51 /* Pokemon.swift */ = {isa = PBXFileReference; fileEncoding = 4; lastKnownFileType = sourcecode.swift; path = Pokemon.swift; sourceTree = "<group>"; };
		C61F22031EF47E62006B7A69 /* music.mp3 */ = {isa = PBXFileReference; lastKnownFileType = audio.mp3; path = music.mp3; sourceTree = "<group>"; };
		C61F22051EF498C9006B7A69 /* PokemonDetailVC.swift */ = {isa = PBXFileReference; fileEncoding = 4; lastKnownFileType = sourcecode.swift; path = PokemonDetailVC.swift; sourceTree = "<group>"; };
		C62272E81EF31DEF00AFD7FA /* PokeCell.swift */ = {isa = PBXFileReference; fileEncoding = 4; lastKnownFileType = sourcecode.swift; path = PokeCell.swift; sourceTree = "<group>"; };
		C62272EA1EF32E0300AFD7FA /* csv.swift */ = {isa = PBXFileReference; fileEncoding = 4; lastKnownFileType = sourcecode.swift; path = csv.swift; sourceTree = "<group>"; };
		C62272EC1EF3323C00AFD7FA /* pokemon.ttf */ = {isa = PBXFileReference; lastKnownFileType = file; path = pokemon.ttf; sourceTree = "<group>"; };
		C62272F11EF3348B00AFD7FA /* music.png */ = {isa = PBXFileReference; lastKnownFileType = image.png; path = music.png; sourceTree = "<group>"; };
/* End PBXFileReference section */

/* Begin PBXFrameworksBuildPhase section */
		C6177B701EF1E3F8009A8D02 /* Frameworks */ = {
			isa = PBXFrameworksBuildPhase;
			buildActionMask = 2147483647;
			files = (
				0BB58BE8305F0F86DB539231 /* Pods_Pokedex2.framework in Frameworks */,
			);
			runOnlyForDeploymentPostprocessing = 0;
		};
/* End PBXFrameworksBuildPhase section */

/* Begin PBXGroup section */
		4B9689F1F823DD771D60B507 /* Pods */ = {
			isa = PBXGroup;
			children = (
				1308909569A06EC6CA11EB3E /* Pods-Pokedex2.debug.xcconfig */,
				95626E22959238E8B96BEBDD /* Pods-Pokedex2.release.xcconfig */,
			);
			name = Pods;
			sourceTree = "<group>";
		};
		BF497EC7A05A2A897D9EE09D /* Frameworks */ = {
			isa = PBXGroup;
			children = (
				8FD9357BBBE91BF1A2DDD3BE /* Pods_Pokedex2.framework */,
			);
			name = Frameworks;
			sourceTree = "<group>";
		};
		C6177B6A1EF1E3F8009A8D02 = {
			isa = PBXGroup;
			children = (
				C6177B751EF1E3F8009A8D02 /* Pokedex2 */,
				C6177B741EF1E3F8009A8D02 /* Products */,
				4B9689F1F823DD771D60B507 /* Pods */,
				BF497EC7A05A2A897D9EE09D /* Frameworks */,
			);
			sourceTree = "<group>";
		};
		C6177B741EF1E3F8009A8D02 /* Products */ = {
			isa = PBXGroup;
			children = (
				C6177B731EF1E3F8009A8D02 /* Pokedex2.app */,
			);
			name = Products;
			sourceTree = "<group>";
		};
		C6177B751EF1E3F8009A8D02 /* Pokedex2 */ = {
			isa = PBXGroup;
			children = (
				C61CAB941EF1EEF900C70B51 /* Model */,
				C62272E71EF31DB200AFD7FA /* View */,
				C62272EE1EF3326900AFD7FA /* Controller */,
				C62272EF1EF3329600AFD7FA /* Resources */,
				C62272F01EF332D000AFD7FA /* Utilities */,
				C6177B761EF1E3F8009A8D02 /* AppDelegate.swift */,
				C6177B7A1EF1E3F8009A8D02 /* Main.storyboard */,
				C6177B7D1EF1E3F8009A8D02 /* Assets.xcassets */,
				C6177B7F1EF1E3F8009A8D02 /* LaunchScreen.storyboard */,
				C6177B821EF1E3F8009A8D02 /* Info.plist */,
			);
			path = Pokedex2;
			sourceTree = "<group>";
		};
		C61CAB941EF1EEF900C70B51 /* Model */ = {
			isa = PBXGroup;
			children = (
				C61CAB951EF1EF1D00C70B51 /* Pokemon.swift */,
			);
			name = Model;
			sourceTree = "<group>";
		};
		C62272E71EF31DB200AFD7FA /* View */ = {
			isa = PBXGroup;
			children = (
				C62272E81EF31DEF00AFD7FA /* PokeCell.swift */,
			);
			name = View;
			sourceTree = "<group>";
		};
		C62272EE1EF3326900AFD7FA /* Controller */ = {
			isa = PBXGroup;
			children = (
				C6177B781EF1E3F8009A8D02 /* ViewController.swift */,
				C61F22051EF498C9006B7A69 /* PokemonDetailVC.swift */,
			);
			name = Controller;
			sourceTree = "<group>";
		};
		C62272EF1EF3329600AFD7FA /* Resources */ = {
			isa = PBXGroup;
			children = (
				C62272EC1EF3323C00AFD7FA /* pokemon.ttf */,
				C6177B881EF1E74C009A8D02 /* pokemon.csv */,
				C62272F11EF3348B00AFD7FA /* music.png */,
				C61F22031EF47E62006B7A69 /* music.mp3 */,
			);
			name = Resources;
			sourceTree = "<group>";
		};
		C62272F01EF332D000AFD7FA /* Utilities */ = {
			isa = PBXGroup;
			children = (
				C62272EA1EF32E0300AFD7FA /* csv.swift */,
			);
			name = Utilities;
			sourceTree = "<group>";
		};
/* End PBXGroup section */

/* Begin PBXNativeTarget section */
		C6177B721EF1E3F8009A8D02 /* Pokedex2 */ = {
			isa = PBXNativeTarget;
			buildConfigurationList = C6177B851EF1E3F8009A8D02 /* Build configuration list for PBXNativeTarget "Pokedex2" */;
			buildPhases = (
				CFC065887908488E3568F290 /* [CP] Check Pods Manifest.lock */,
				C6177B6F1EF1E3F8009A8D02 /* Sources */,
				C6177B701EF1E3F8009A8D02 /* Frameworks */,
				C6177B711EF1E3F8009A8D02 /* Resources */,
				91C3EC285163650EE8FFD467 /* [CP] Embed Pods Frameworks */,
				5B816B1A11A620BF53A5EEC5 /* [CP] Copy Pods Resources */,
			);
			buildRules = (
			);
			dependencies = (
			);
			name = Pokedex2;
			productName = Pokedex2;
			productReference = C6177B731EF1E3F8009A8D02 /* Pokedex2.app */;
			productType = "com.apple.product-type.application";
		};
/* End PBXNativeTarget section */

/* Begin PBXProject section */
		C6177B6B1EF1E3F8009A8D02 /* Project object */ = {
			isa = PBXProject;
			attributes = {
				LastSwiftUpdateCheck = 0830;
				LastUpgradeCheck = 0830;
				ORGANIZATIONNAME = "Cold Entertainment";
				TargetAttributes = {
					C6177B721EF1E3F8009A8D02 = {
						CreatedOnToolsVersion = 8.3.3;
						DevelopmentTeam = 69824PU5FC;
						LastSwiftMigration = 0830;
						ProvisioningStyle = Automatic;
					};
				};
			};
			buildConfigurationList = C6177B6E1EF1E3F8009A8D02 /* Build configuration list for PBXProject "Pokedex2" */;
			compatibilityVersion = "Xcode 3.2";
			developmentRegion = English;
			hasScannedForEncodings = 0;
			knownRegions = (
				en,
				Base,
			);
			mainGroup = C6177B6A1EF1E3F8009A8D02;
			productRefGroup = C6177B741EF1E3F8009A8D02 /* Products */;
			projectDirPath = "";
			projectRoot = "";
			targets = (
				C6177B721EF1E3F8009A8D02 /* Pokedex2 */,
			);
		};
/* End PBXProject section */

/* Begin PBXResourcesBuildPhase section */
		C6177B711EF1E3F8009A8D02 /* Resources */ = {
			isa = PBXResourcesBuildPhase;
			buildActionMask = 2147483647;
			files = (
				C62272ED1EF3323C00AFD7FA /* pokemon.ttf in Resources */,
				C6177B811EF1E3F8009A8D02 /* LaunchScreen.storyboard in Resources */,
				C61F22041EF47E62006B7A69 /* music.mp3 in Resources */,
				C6177B7E1EF1E3F8009A8D02 /* Assets.xcassets in Resources */,
				C6177B891EF1E74C009A8D02 /* pokemon.csv in Resources */,
				C6177B7C1EF1E3F8009A8D02 /* Main.storyboard in Resources */,
				C62272F21EF3348B00AFD7FA /* music.png in Resources */,
			);
			runOnlyForDeploymentPostprocessing = 0;
		};
/* End PBXResourcesBuildPhase section */

/* Begin PBXShellScriptBuildPhase section */
		5B816B1A11A620BF53A5EEC5 /* [CP] Copy Pods Resources */ = {
			isa = PBXShellScriptBuildPhase;
			buildActionMask = 2147483647;
			files = (
			);
			inputPaths = (
			);
			name = "[CP] Copy Pods Resources";
			outputPaths = (
			);
			runOnlyForDeploymentPostprocessing = 0;
			shellPath = /bin/sh;
			shellScript = "\"${SRCROOT}/Pods/Target Support Files/Pods-Pokedex2/Pods-Pokedex2-resources.sh\"\n";
			showEnvVarsInLog = 0;
		};
		91C3EC285163650EE8FFD467 /* [CP] Embed Pods Frameworks */ = {
			isa = PBXShellScriptBuildPhase;
			buildActionMask = 2147483647;
			files = (
			);
			inputPaths = (
			);
			name = "[CP] Embed Pods Frameworks";
			outputPaths = (
			);
			runOnlyForDeploymentPostprocessing = 0;
			shellPath = /bin/sh;
			shellScript = "\"${SRCROOT}/Pods/Target Support Files/Pods-Pokedex2/Pods-Pokedex2-frameworks.sh\"\n";
			showEnvVarsInLog = 0;
		};
		CFC065887908488E3568F290 /* [CP] Check Pods Manifest.lock */ = {
			isa = PBXShellScriptBuildPhase;
			buildActionMask = 2147483647;
			files = (
			);
			inputPaths = (
			);
			name = "[CP] Check Pods Manifest.lock";
			outputPaths = (
			);
			runOnlyForDeploymentPostprocessing = 0;
			shellPath = /bin/sh;
			shellScript = "diff \"${PODS_PODFILE_DIR_PATH}/Podfile.lock\" \"${PODS_ROOT}/Manifest.lock\" > /dev/null\nif [ $? != 0 ] ; then\n    # print error to STDERR\n    echo \"error: The sandbox is not in sync with the Podfile.lock. Run 'pod install' or update your CocoaPods installation.\" >&2\n    exit 1\nfi\n";
			showEnvVarsInLog = 0;
		};
/* End PBXShellScriptBuildPhase section */

/* Begin PBXSourcesBuildPhase section */
		C6177B6F1EF1E3F8009A8D02 /* Sources */ = {
			isa = PBXSourcesBuildPhase;
			buildActionMask = 2147483647;
			files = (
				C62272E91EF31DEF00AFD7FA /* PokeCell.swift in Sources */,
				C6177B791EF1E3F8009A8D02 /* ViewController.swift in Sources */,
				C6177B771EF1E3F8009A8D02 /* AppDelegate.swift in Sources */,
				C61F22061EF498C9006B7A69 /* PokemonDetailVC.swift in Sources */,
				C61CAB961EF1EF1D00C70B51 /* Pokemon.swift in Sources */,
				C62272EB1EF32E0300AFD7FA /* csv.swift in Sources */,
			);
			runOnlyForDeploymentPostprocessing = 0;
		};
/* End PBXSourcesBuildPhase section */

/* Begin PBXVariantGroup section */
		C6177B7A1EF1E3F8009A8D02 /* Main.storyboard */ = {
			isa = PBXVariantGroup;
			children = (
				C6177B7B1EF1E3F8009A8D02 /* Base */,
			);
			name = Main.storyboard;
			sourceTree = "<group>";
		};
		C6177B7F1EF1E3F8009A8D02 /* LaunchScreen.storyboard */ = {
			isa = PBXVariantGroup;
			children = (
				C6177B801EF1E3F8009A8D02 /* Base */,
			);
			name = LaunchScreen.storyboard;
			sourceTree = "<group>";
		};
/* End PBXVariantGroup section */

/* Begin XCBuildConfiguration section */
		C6177B831EF1E3F8009A8D02 /* Debug */ = {
			isa = XCBuildConfiguration;
			buildSettings = {
				ALWAYS_SEARCH_USER_PATHS = NO;
				CLANG_ANALYZER_NONNULL = YES;
				CLANG_ANALYZER_NUMBER_OBJECT_CONVERSION = YES_AGGRESSIVE;
				CLANG_CXX_LANGUAGE_STANDARD = "gnu++0x";
				CLANG_CXX_LIBRARY = "libc++";
				CLANG_ENABLE_MODULES = YES;
				CLANG_ENABLE_OBJC_ARC = YES;
				CLANG_WARN_BOOL_CONVERSION = YES;
				CLANG_WARN_CONSTANT_CONVERSION = YES;
				CLANG_WARN_DIRECT_OBJC_ISA_USAGE = YES_ERROR;
				CLANG_WARN_DOCUMENTATION_COMMENTS = YES;
				CLANG_WARN_EMPTY_BODY = YES;
				CLANG_WARN_ENUM_CONVERSION = YES;
				CLANG_WARN_INFINITE_RECURSION = YES;
				CLANG_WARN_INT_CONVERSION = YES;
				CLANG_WARN_OBJC_ROOT_CLASS = YES_ERROR;
				CLANG_WARN_SUSPICIOUS_MOVE = YES;
				CLANG_WARN_UNREACHABLE_CODE = YES;
				CLANG_WARN__DUPLICATE_METHOD_MATCH = YES;
				"CODE_SIGN_IDENTITY[sdk=iphoneos*]" = "iPhone Developer";
				COPY_PHASE_STRIP = NO;
				DEBUG_INFORMATION_FORMAT = dwarf;
				ENABLE_STRICT_OBJC_MSGSEND = YES;
				ENABLE_TESTABILITY = YES;
				GCC_C_LANGUAGE_STANDARD = gnu99;
				GCC_DYNAMIC_NO_PIC = NO;
				GCC_NO_COMMON_BLOCKS = YES;
				GCC_OPTIMIZATION_LEVEL = 0;
				GCC_PREPROCESSOR_DEFINITIONS = (
					"DEBUG=1",
					"$(inherited)",
				);
				GCC_WARN_64_TO_32_BIT_CONVERSION = YES;
				GCC_WARN_ABOUT_RETURN_TYPE = YES_ERROR;
				GCC_WARN_UNDECLARED_SELECTOR = YES;
				GCC_WARN_UNINITIALIZED_AUTOS = YES_AGGRESSIVE;
				GCC_WARN_UNUSED_FUNCTION = YES;
				GCC_WARN_UNUSED_VARIABLE = YES;
				IPHONEOS_DEPLOYMENT_TARGET = 10.3;
				MTL_ENABLE_DEBUG_INFO = YES;
				ONLY_ACTIVE_ARCH = YES;
				SDKROOT = iphoneos;
				SWIFT_ACTIVE_COMPILATION_CONDITIONS = DEBUG;
				SWIFT_OPTIMIZATION_LEVEL = "-Onone";
				TARGETED_DEVICE_FAMILY = "1,2";
			};
			name = Debug;
		};
		C6177B841EF1E3F8009A8D02 /* Release */ = {
			isa = XCBuildConfiguration;
			buildSettings = {
				ALWAYS_SEARCH_USER_PATHS = NO;
				CLANG_ANALYZER_NONNULL = YES;
				CLANG_ANALYZER_NUMBER_OBJECT_CONVERSION = YES_AGGRESSIVE;
				CLANG_CXX_LANGUAGE_STANDARD = "gnu++0x";
				CLANG_CXX_LIBRARY = "libc++";
				CLANG_ENABLE_MODULES = YES;
				CLANG_ENABLE_OBJC_ARC = YES;
				CLANG_WARN_BOOL_CONVERSION = YES;
				CLANG_WARN_CONSTANT_CONVERSION = YES;
				CLANG_WARN_DIRECT_OBJC_ISA_USAGE = YES_ERROR;
				CLANG_WARN_DOCUMENTATION_COMMENTS = YES;
				CLANG_WARN_EMPTY_BODY = YES;
				CLANG_WARN_ENUM_CONVERSION = YES;
				CLANG_WARN_INFINITE_RECURSION = YES;
				CLANG_WARN_INT_CONVERSION = YES;
				CLANG_WARN_OBJC_ROOT_CLASS = YES_ERROR;
				CLANG_WARN_SUSPICIOUS_MOVE = YES;
				CLANG_WARN_UNREACHABLE_CODE = YES;
				CLANG_WARN__DUPLICATE_METHOD_MATCH = YES;
				"CODE_SIGN_IDENTITY[sdk=iphoneos*]" = "iPhone Developer";
				COPY_PHASE_STRIP = NO;
				DEBUG_INFORMATION_FORMAT = "dwarf-with-dsym";
				ENABLE_NS_ASSERTIONS = NO;
				ENABLE_STRICT_OBJC_MSGSEND = YES;
				GCC_C_LANGUAGE_STANDARD = gnu99;
				GCC_NO_COMMON_BLOCKS = YES;
				GCC_WARN_64_TO_32_BIT_CONVERSION = YES;
				GCC_WARN_ABOUT_RETURN_TYPE = YES_ERROR;
				GCC_WARN_UNDECLARED_SELECTOR = YES;
				GCC_WARN_UNINITIALIZED_AUTOS = YES_AGGRESSIVE;
				GCC_WARN_UNUSED_FUNCTION = YES;
				GCC_WARN_UNUSED_VARIABLE = YES;
				IPHONEOS_DEPLOYMENT_TARGET = 10.3;
				MTL_ENABLE_DEBUG_INFO = NO;
				SDKROOT = iphoneos;
				SWIFT_OPTIMIZATION_LEVEL = "-Owholemodule";
				TARGETED_DEVICE_FAMILY = "1,2";
				VALIDATE_PRODUCT = YES;
			};
			name = Release;
		};
		C6177B861EF1E3F8009A8D02 /* Debug */ = {
			isa = XCBuildConfiguration;
			baseConfigurationReference = 1308909569A06EC6CA11EB3E /* Pods-Pokedex2.debug.xcconfig */;
			buildSettings = {
				ASSETCATALOG_COMPILER_APPICON_NAME = AppIcon;
				DEVELOPMENT_TEAM = 69824PU5FC;
				INFOPLIST_FILE = Pokedex2/Info.plist;
				LD_RUNPATH_SEARCH_PATHS = "$(inherited) @executable_path/Frameworks";
				PRODUCT_BUNDLE_IDENTIFIER = com.cold.Pokedex2;
				PRODUCT_NAME = "$(TARGET_NAME)";
				SWIFT_VERSION = 3.0;
			};
			name = Debug;
		};
		C6177B871EF1E3F8009A8D02 /* Release */ = {
			isa = XCBuildConfiguration;
			baseConfigurationReference = 95626E22959238E8B96BEBDD /* Pods-Pokedex2.release.xcconfig */;
			buildSettings = {
				ASSETCATALOG_COMPILER_APPICON_NAME = AppIcon;
				DEVELOPMENT_TEAM = 69824PU5FC;
				INFOPLIST_FILE = Pokedex2/Info.plist;
				LD_RUNPATH_SEARCH_PATHS = "$(inherited) @executable_path/Frameworks";
				PRODUCT_BUNDLE_IDENTIFIER = com.cold.Pokedex2;
				PRODUCT_NAME = "$(TARGET_NAME)";
				SWIFT_VERSION = 3.0;
			};
			name = Release;
		};
/* End XCBuildConfiguration section */

/* Begin XCConfigurationList section */
		C6177B6E1EF1E3F8009A8D02 /* Build configuration list for PBXProject "Pokedex2" */ = {
			isa = XCConfigurationList;
			buildConfigurations = (
				C6177B831EF1E3F8009A8D02 /* Debug */,
				C6177B841EF1E3F8009A8D02 /* Release */,
			);
			defaultConfigurationIsVisible = 0;
			defaultConfigurationName = Release;
		};
		C6177B851EF1E3F8009A8D02 /* Build configuration list for PBXNativeTarget "Pokedex2" */ = {
			isa = XCConfigurationList;
			buildConfigurations = (
				C6177B861EF1E3F8009A8D02 /* Debug */,
				C6177B871EF1E3F8009A8D02 /* Release */,
			);
			defaultConfigurationIsVisible = 0;
			defaultConfigurationName = Release;
		};
/* End XCConfigurationList section */
	};
	rootObject = C6177B6B1EF1E3F8009A8D02 /* Project object */;
}
