// !$*UTF8*$!
{
	archiveVersion = 1;
	classes = {
	};
	objectVersion = 46;
	objects = {

/* Begin PBXBuildFile section */
		C6177B771EF1E3F8009A8D02 /* AppDelegate.swift in Sources */ = {isa = PBXBuildFile; fileRef = C6177B761EF1E3F8009A8D02 /* AppDelegate.swift */; };
		C6177B791EF1E3F8009A8D02 /* ViewController.swift in Sources */ = {isa = PBXBuildFile; fileRef = C6177B781EF1E3F8009A8D02 /* ViewController.swift */; };
		C6177B7C1EF1E3F8009A8D02 /* Main.storyboard in Resources */ = {isa = PBXBuildFile; fileRef = C6177B7A1EF1E3F8009A8D02 /* Main.storyboard */; };
		C6177B7E1EF1E3F8009A8D02 /* Assets.xcassets in Resources */ = {isa = PBXBuildFile; fileRef = C6177B7D1EF1E3F8009A8D02 /* Assets.xcassets */; };
		C6177B811EF1E3F8009A8D02 /* LaunchScreen.storyboard in Resources */ = {isa = PBXBuildFile; fileRef = C6177B7F1EF1E3F8009A8D02 /* LaunchScreen.storyboard */; };
		C6177B891EF1E74C009A8D02 /* pokemon.csv in Resources */ = {isa = PBXBuildFile; fileRef = C6177B881EF1E74C009A8D02 /* pokemon.csv */; };
		C61CAB961EF1EF1D00C70B51 /* Pokemon.swift in Sources */ = {isa = PBXBuildFile; fileRef = C61CAB951EF1EF1D00C70B51 /* Pokemon.swift */; };
/* End PBXBuildFile section */

/* Begin PBXFileReference section */
		C6177B731EF1E3F8009A8D02 /* Pokedex2.app */ = {isa = PBXFileReference; explicitFileType = wrapper.application; includeInIndex = 0; path = Pokedex2.app; sourceTree = BUILT_PRODUCTS_DIR; };
		C6177B761EF1E3F8009A8D02 /* AppDelegate.swift */ = {isa = PBXFileReference; lastKnownFileType = sourcecode.swift; path = AppDelegate.swift; sourceTree = "<group>"; };
		C6177B781EF1E3F8009A8D02 /* ViewController.swift */ = {isa = PBXFileReference; lastKnownFileType = sourcecode.swift; path = ViewController.swift; sourceTree = "<group>"; };
		C6177B7B1EF1E3F8009A8D02 /* Base */ = {isa = PBXFileReference; lastKnownFileType = file.storyboard; name = Base; path = Base.lproj/Main.storyboard; sourceTree = "<group>"; };
		C6177B7D1EF1E3F8009A8D02 /* Assets.xcassets */ = {isa = PBXFileReference; lastKnownFileType = folder.assetcatalog; path = Assets.xcassets; sourceTree = "<group>"; };
		C6177B801EF1E3F8009A8D02 /* Base */ = {isa = PBXFileReference; lastKnownFileType = file.storyboard; name = Base; path = Base.lproj/LaunchScreen.storyboard; sourceTree = "<group>"; };
		C6177B821EF1E3F8009A8D02 /* Info.plist */ = {isa = PBXFileReference; lastKnownFileType = text.plist.xml; path = Info.plist; sourceTree = "<group>"; };
		C6177B881EF1E74C009A8D02 /* pokemon.csv */ = {isa = PBXFileReference; fileEncoding = 4; lastKnownFileType = text; path = pokemon.csv; sourceTree = "<group>"; };
		C61CAB951EF1EF1D00C70B51 /* Pokemon.swift */ = {isa = PBXFileReference; fileEncoding = 4; lastKnownFileType = sourcecode.swift; path = Pokemon.swift; sourceTree = "<group>"; };
/* End PBXFileReference section */

/* Begin PBXFrameworksBuildPhase section */
		C6177B701EF1E3F8009A8D02 /* Frameworks */ = {
			isa = PBXFrameworksBuildPhase;
			buildActionMask = 2147483647;
			files = (
			);
			runOnlyForDeploymentPostprocessing = 0;
		};
/* End PBXFrameworksBuildPhase section */

/* Begin PBXGroup section */
		C6177B6A1EF1E3F8009A8D02 = {
			isa = PBXGroup;
			children = (
				C6177B751EF1E3F8009A8D02 /* Pokedex2 */,
				C6177B741EF1E3F8009A8D02 /* Products */,
			);
			sourceTree = "<group>";
		};
		C6177B741EF1E3F8009A8D02 /* Products */ = {
			isa = PBXGroup;
			children = (
				C6177B731EF1E3F8009A8D02 /* Pokedex2.app */,
			);
			name = Products;
			sourceTree = "<group>";
		};
		C6177B751EF1E3F8009A8D02 /* Pokedex2 */ = {
			isa = PBXGroup;
			children = (
				C61CAB941EF1EEF900C70B51 /* Model */,
				C6177B761EF1E3F8009A8D02 /* AppDelegate.swift */,
				C6177B781EF1E3F8009A8D02 /* ViewController.swift */,
				C6177B7A1EF1E3F8009A8D02 /* Main.storyboard */,
				C6177B7D1EF1E3F8009A8D02 /* Assets.xcassets */,
				C6177B881EF1E74C009A8D02 /* pokemon.csv */,
				C6177B7F1EF1E3F8009A8D02 /* LaunchScreen.storyboard */,
				C6177B821EF1E3F8009A8D02 /* Info.plist */,
			);
			path = Pokedex2;
			sourceTree = "<group>";
		};
		C61CAB941EF1EEF900C70B51 /* Model */ = {
			isa = PBXGroup;
			children = (
				C61CAB951EF1EF1D00C70B51 /* Pokemon.swift */,
			);
			name = Model;
			sourceTree = "<group>";
		};
/* End PBXGroup section */

/* Begin PBXNativeTarget section */
		C6177B721EF1E3F8009A8D02 /* Pokedex2 */ = {
			isa = PBXNativeTarget;
			buildConfigurationList = C6177B851EF1E3F8009A8D02 /* Build configuration list for PBXNativeTarget "Pokedex2" */;
			buildPhases = (
				C6177B6F1EF1E3F8009A8D02 /* Sources */,
				C6177B701EF1E3F8009A8D02 /* Frameworks */,
				C6177B711EF1E3F8009A8D02 /* Resources */,
			);
			buildRules = (
			);
			dependencies = (
			);
			name = Pokedex2;
			productName = Pokedex2;
			productReference = C6177B731EF1E3F8009A8D02 /* Pokedex2.app */;
			productType = "com.apple.product-type.application";
		};
/* End PBXNativeTarget section */

/* Begin PBXProject section */
		C6177B6B1EF1E3F8009A8D02 /* Project object */ = {
			isa = PBXProject;
			attributes = {
				LastSwiftUpdateCheck = 0830;
				LastUpgradeCheck = 0830;
				ORGANIZATIONNAME = "Cold Entertainment";
				TargetAttributes = {
					C6177B721EF1E3F8009A8D02 = {
						CreatedOnToolsVersion = 8.3.3;
						DevelopmentTeam = 69824PU5FC;
						ProvisioningStyle = Automatic;
					};
				};
			};
			buildConfigurationList = C6177B6E1EF1E3F8009A8D02 /* Build configuration list for PBXProject "Pokedex2" */;
			compatibilityVersion = "Xcode 3.2";
			developmentRegion = English;
			hasScannedForEncodings = 0;
			knownRegions = (
				en,
				Base,
			);
			mainGroup = C6177B6A1EF1E3F8009A8D02;
			productRefGroup = C6177B741EF1E3F8009A8D02 /* Products */;
			projectDirPath = "";
			projectRoot = "";
			targets = (
				C6177B721EF1E3F8009A8D02 /* Pokedex2 */,
			);
		};
/* End PBXProject section */

/* Begin PBXResourcesBuildPhase section */
		C6177B711EF1E3F8009A8D02 /* Resources */ = {
			isa = PBXResourcesBuildPhase;
			buildActionMask = 2147483647;
			files = (
				C6177B811EF1E3F8009A8D02 /* LaunchScreen.storyboard in Resources */,
				C6177B7E1EF1E3F8009A8D02 /* Assets.xcassets in Resources */,
				C6177B891EF1E74C009A8D02 /* pokemon.csv in Resources */,
				C6177B7C1EF1E3F8009A8D02 /* Main.storyboard in Resources */,
			);
			runOnlyForDeploymentPostprocessing = 0;
		};
/* End PBXResourcesBuildPhase section */

/* Begin PBXSourcesBuildPhase section */
		C6177B6F1EF1E3F8009A8D02 /* Sources */ = {
			isa = PBXSourcesBuildPhase;
			buildActionMask = 2147483647;
			files = (
				C6177B791EF1E3F8009A8D02 /* ViewController.swift in Sources */,
				C6177B771EF1E3F8009A8D02 /* AppDelegate.swift in Sources */,
				C61CAB961EF1EF1D00C70B51 /* Pokemon.swift in Sources */,
			);
			runOnlyForDeploymentPostprocessing = 0;
		};
/* End PBXSourcesBuildPhase section */

/* Begin PBXVariantGroup section */
		C6177B7A1EF1E3F8009A8D02 /* Main.storyboard */ = {
			isa = PBXVariantGroup;
			children = (
				C6177B7B1EF1E3F8009A8D02 /* Base */,
			);
			name = Main.storyboard;
			sourceTree = "<group>";
		};
		C6177B7F1EF1E3F8009A8D02 /* LaunchScreen.storyboard */ = {
			isa = PBXVariantGroup;
			children = (
				C6177B801EF1E3F8009A8D02 /* Base */,
			);
			name = LaunchScreen.storyboard;
			sourceTree = "<group>";
		};
/* End PBXVariantGroup section */

/* Begin XCBuildConfiguration section */
		C6177B831EF1E3F8009A8D02 /* Debug */ = {
			isa = XCBuildConfiguration;
			buildSettings = {
				ALWAYS_SEARCH_USER_PATHS = NO;
				CLANG_ANALYZER_NONNULL = YES;
				CLANG_ANALYZER_NUMBER_OBJECT_CONVERSION = YES_AGGRESSIVE;
				CLANG_CXX_LANGUAGE_STANDARD = "gnu++0x";
				CLANG_CXX_LIBRARY = "libc++";
				CLANG_ENABLE_MODULES = YES;
				CLANG_ENABLE_OBJC_ARC = YES;
				CLANG_WARN_BOOL_CONVERSION = YES;
				CLANG_WARN_CONSTANT_CONVERSION = YES;
				CLANG_WARN_DIRECT_OBJC_ISA_USAGE = YES_ERROR;
				CLANG_WARN_DOCUMENTATION_COMMENTS = YES;
				CLANG_WARN_EMPTY_BODY = YES;
				CLANG_WARN_ENUM_CONVERSION = YES;
				CLANG_WARN_INFINITE_RECURSION = YES;
				CLANG_WARN_INT_CONVERSION = YES;
				CLANG_WARN_OBJC_ROOT_CLASS = YES_ERROR;
				CLANG_WARN_SUSPICIOUS_MOVE = YES;
				CLANG_WARN_UNREACHABLE_CODE = YES;
				CLANG_WARN__DUPLICATE_METHOD_MATCH = YES;
				"CODE_SIGN_IDENTITY[sdk=iphoneos*]" = "iPhone Developer";
				COPY_PHASE_STRIP = NO;
				DEBUG_INFORMATION_FORMAT = dwarf;
				ENABLE_STRICT_OBJC_MSGSEND = YES;
				ENABLE_TESTABILITY = YES;
				GCC_C_LANGUAGE_STANDARD = gnu99;
				GCC_DYNAMIC_NO_PIC = NO;
				GCC_NO_COMMON_BLOCKS = YES;
				GCC_OPTIMIZATION_LEVEL = 0;
				GCC_PREPROCESSOR_DEFINITIONS = (
					"DEBUG=1",
					"$(inherited)",
				);
				GCC_WARN_64_TO_32_BIT_CONVERSION = YES;
				GCC_WARN_ABOUT_RETURN_TYPE = YES_ERROR;
				GCC_WARN_UNDECLARED_SELECTOR = YES;
				GCC_WARN_UNINITIALIZED_AUTOS = YES_AGGRESSIVE;
				GCC_WARN_UNUSED_FUNCTION = YES;
				GCC_WARN_UNUSED_VARIABLE = YES;
				IPHONEOS_DEPLOYMENT_TARGET = 10.3;
				MTL_ENABLE_DEBUG_INFO = YES;
				ONLY_ACTIVE_ARCH = YES;
				SDKROOT = iphoneos;
				SWIFT_ACTIVE_COMPILATION_CONDITIONS = DEBUG;
				SWIFT_OPTIMIZATION_LEVEL = "-Onone";
				TARGETED_DEVICE_FAMILY = "1,2";
			};
			name = Debug;
		};
		C6177B841EF1E3F8009A8D02 /* Release */ = {
			isa = XCBuildConfiguration;
			buildSettings = {
				ALWAYS_SEARCH_USER_PATHS = NO;
				CLANG_ANALYZER_NONNULL = YES;
				CLANG_ANALYZER_NUMBER_OBJECT_CONVERSION = YES_AGGRESSIVE;
				CLANG_CXX_LANGUAGE_STANDARD = "gnu++0x";
				CLANG_CXX_LIBRARY = "libc++";
				CLANG_ENABLE_MODULES = YES;
				CLANG_ENABLE_OBJC_ARC = YES;
				CLANG_WARN_BOOL_CONVERSION = YES;
				CLANG_WARN_CONSTANT_CONVERSION = YES;
				CLANG_WARN_DIRECT_OBJC_ISA_USAGE = YES_ERROR;
				CLANG_WARN_DOCUMENTATION_COMMENTS = YES;
				CLANG_WARN_EMPTY_BODY = YES;
				CLANG_WARN_ENUM_CONVERSION = YES;
				CLANG_WARN_INFINITE_RECURSION = YES;
				CLANG_WARN_INT_CONVERSION = YES;
				CLANG_WARN_OBJC_ROOT_CLASS = YES_ERROR;
				CLANG_WARN_SUSPICIOUS_MOVE = YES;
				CLANG_WARN_UNREACHABLE_CODE = YES;
				CLANG_WARN__DUPLICATE_METHOD_MATCH = YES;
				"CODE_SIGN_IDENTITY[sdk=iphoneos*]" = "iPhone Developer";
				COPY_PHASE_STRIP = NO;
				DEBUG_INFORMATION_FORMAT = "dwarf-with-dsym";
				ENABLE_NS_ASSERTIONS = NO;
				ENABLE_STRICT_OBJC_MSGSEND = YES;
				GCC_C_LANGUAGE_STANDARD = gnu99;
				GCC_NO_COMMON_BLOCKS = YES;
				GCC_WARN_64_TO_32_BIT_CONVERSION = YES;
				GCC_WARN_ABOUT_RETURN_TYPE = YES_ERROR;
				GCC_WARN_UNDECLARED_SELECTOR = YES;
				GCC_WARN_UNINITIALIZED_AUTOS = YES_AGGRESSIVE;
				GCC_WARN_UNUSED_FUNCTION = YES;
				GCC_WARN_UNUSED_VARIABLE = YES;
				IPHONEOS_DEPLOYMENT_TARGET = 10.3;
				MTL_ENABLE_DEBUG_INFO = NO;
				SDKROOT = iphoneos;
				SWIFT_OPTIMIZATION_LEVEL = "-Owholemodule";
				TARGETED_DEVICE_FAMILY = "1,2";
				VALIDATE_PRODUCT = YES;
			};
			name = Release;
		};
		C6177B861EF1E3F8009A8D02 /* Debug */ = {
			isa = XCBuildConfiguration;
			buildSettings = {
				ASSETCATALOG_COMPILER_APPICON_NAME = AppIcon;
				DEVELOPMENT_TEAM = 69824PU5FC;
				INFOPLIST_FILE = Pokedex2/Info.plist;
				LD_RUNPATH_SEARCH_PATHS = "$(inherited) @executable_path/Frameworks";
				PRODUCT_BUNDLE_IDENTIFIER = com.cold.Pokedex2;
				PRODUCT_NAME = "$(TARGET_NAME)";
				SWIFT_VERSION = 3.0;
			};
			name = Debug;
		};
		C6177B871EF1E3F8009A8D02 /* Release */ = {
			isa = XCBuildConfiguration;
			buildSettings = {
				ASSETCATALOG_COMPILER_APPICON_NAME = AppIcon;
				DEVELOPMENT_TEAM = 69824PU5FC;
				INFOPLIST_FILE = Pokedex2/Info.plist;
				LD_RUNPATH_SEARCH_PATHS = "$(inherited) @executable_path/Frameworks";
				PRODUCT_BUNDLE_IDENTIFIER = com.cold.Pokedex2;
				PRODUCT_NAME = "$(TARGET_NAME)";
				SWIFT_VERSION = 3.0;
			};
			name = Release;
		};
/* End XCBuildConfiguration section */

/* Begin XCConfigurationList section */
		C6177B6E1EF1E3F8009A8D02 /* Build configuration list for PBXProject "Pokedex2" */ = {
			isa = XCConfigurationList;
			buildConfigurations = (
				C6177B831EF1E3F8009A8D02 /* Debug */,
				C6177B841EF1E3F8009A8D02 /* Release */,
			);
			defaultConfigurationIsVisible = 0;
			defaultConfigurationName = Release;
		};
		C6177B851EF1E3F8009A8D02 /* Build configuration list for PBXNativeTarget "Pokedex2" */ = {
			isa = XCConfigurationList;
			buildConfigurations = (
				C6177B861EF1E3F8009A8D02 /* Debug */,
				C6177B871EF1E3F8009A8D02 /* Release */,
			);
			defaultConfigurationIsVisible = 0;
			defaultConfigurationName = Release;
		};
/* End XCConfigurationList section */
	};
	rootObject = C6177B6B1EF1E3F8009A8D02 /* Project object */;
}
